
Microsoft Visual Studio Solution File, Format Version 12.00
# Visual Studio Version 17
VisualStudioVersion = 17.7.34202.233
MinimumVisualStudioVersion = 10.0.40219.1
Project("{FAE04EC0-301F-11D3-BF4B-00C04F79EFBC}") = "InfoApp", "InfoApp\InfoApp.csproj", "{3D692464-EA0B-47D1-B2C7-261493FE2FCE}"
EndProject
Project("{FAE04EC0-301F-11D3-BF4B-00C04F79EFBC}") = "SupermarketInfo", "SupermarketInfo\SupermarketInfo.csproj", "{654ED460-FFB8-4B77-B49E-A28A311E502F}"
EndProject
Global
	GlobalSection(SolutionConfigurationPlatforms) = preSolution
		Debug|Any CPU = Debug|Any CPU
		Release|Any CPU = Release|Any CPU
	EndGlobalSection
	GlobalSection(ProjectConfigurationPlatforms) = postSolution
		{3D692464-EA0B-47D1-B2C7-261493FE2FCE}.Debug|Any CPU.ActiveCfg = Debug|Any CPU
		{3D692464-EA0B-47D1-B2C7-261493FE2FCE}.Debug|Any CPU.Build.0 = Debug|Any CPU
		{3D692464-EA0B-47D1-B2C7-261493FE2FCE}.Release|Any CPU.ActiveCfg = Release|Any CPU
		{3D692464-EA0B-47D1-B2C7-261493FE2FCE}.Release|Any CPU.Build.0 = Release|Any CPU
		{654ED460-FFB8-4B77-B49E-A28A311E502F}.Debug|Any CPU.ActiveCfg = Debug|Any CPU
		{654ED460-FFB8-4B77-B49E-A28A311E502F}.Debug|Any CPU.Build.0 = Debug|Any CPU
		{654ED460-FFB8-4B77-B49E-A28A311E502F}.Release|Any CPU.ActiveCfg = Release|Any CPU
		{654ED460-FFB8-4B77-B49E-A28A311E502F}.Release|Any CPU.Build.0 = Release|Any CPU
	EndGlobalSection
	GlobalSection(SolutionProperties) = preSolution
		HideSolutionNode = FALSE
	EndGlobalSection
	GlobalSection(ExtensibilityGlobals) = postSolution
		SolutionGuid = {512EFB44-785C-467F-9EED-F7B4381DB06D}
	EndGlobalSection
EndGlobal
